
Microsoft Visual Studio Solution File, Format Version 12.00
# Visual Studio Version 17
VisualStudioVersion = 17.3.32819.101
MinimumVisualStudioVersion = 10.0.40219.1
Project("{FAE04EC0-301F-11D3-BF4B-00C04F79EFBC}") = "BetNFL", "BetNFL\BetNFL.csproj", "{502783D5-3455-4FBE-AF75-D72D9073BEA6}"
EndProject
Global
	GlobalSection(SolutionConfigurationPlatforms) = preSolution
		Debug|Any CPU = Debug|Any CPU
		Release|Any CPU = Release|Any CPU
	EndGlobalSection
	GlobalSection(ProjectConfigurationPlatforms) = postSolution
		{502783D5-3455-4FBE-AF75-D72D9073BEA6}.Debug|Any CPU.ActiveCfg = Debug|Any CPU
		{502783D5-3455-4FBE-AF75-D72D9073BEA6}.Debug|Any CPU.Build.0 = Debug|Any CPU
		{502783D5-3455-4FBE-AF75-D72D9073BEA6}.Release|Any CPU.ActiveCfg = Release|Any CPU
		{502783D5-3455-4FBE-AF75-D72D9073BEA6}.Release|Any CPU.Build.0 = Release|Any CPU
	EndGlobalSection
	GlobalSection(SolutionProperties) = preSolution
		HideSolutionNode = FALSE
	EndGlobalSection
	GlobalSection(ExtensibilityGlobals) = postSolution
		SolutionGuid = {1ACE6D33-3B5D-402C-A37F-56FEE6B3C06E}
	EndGlobalSection
EndGlobal
